<?xml version="1.0" encoding="utf-8"?>
<Project ToolsVersion="4.0" xmlns="http://schemas.microsoft.com/developer/msbuild/2003">
  <ItemGroup>
    <ClInclude Include="SF_HomeScene.h">
      <Filter>Scene</Filter>
    </ClInclude>
    <ClInclude Include="SF_PlayScene.h">
      <Filter>Scene</Filter>
    </ClInclude>
    <ClInclude Include="SF_VillageScene.h">
      <Filter>Scene</Filter>
    </ClInclude>
    <ClInclude Include="SF_DungeonScene.h">
      <Filter>Scene</Filter>
    </ClInclude>
    <ClInclude Include="SF_CrossroadScene.h">
      <Filter>Scene</Filter>
    </ClInclude>
    <ClInclude Include="SF_LoadResources.h">
      <Filter>LoadManagement</Filter>
    </ClInclude>
    <ClInclude Include="SF_LoadScene.h">
      <Filter>LoadManagement</Filter>
    </ClInclude>
    <ClInclude Include="SF_TitleScene.h">
      <Filter>Scene</Filter>
    </ClInclude>
    <ClInclude Include="SF_BackGround.h">
      <Filter>SceneObject</Filter>
    </ClInclude>
    <ClInclude Include="SF_Player.h">
      <Filter>SceneObject</Filter>
    </ClInclude>
    <ClInclude Include="SF_TextObject.h">
      <Filter>SceneObject</Filter>
    </ClInclude>
    <ClInclude Include="SF_LoadingScene.h">
      <Filter>Scene</Filter>
    </ClInclude>
    <ClInclude Include="SF_VideoScene.h">
      <Filter>Scene</Filter>
    </ClInclude>
    <ClInclude Include="SF_Monster.h">
      <Filter>SceneObject</Filter>
    </ClInclude>
  </ItemGroup>
  <ItemGroup>
    <ClCompile Include="SF_HomeScene.cpp">
      <Filter>Scene</Filter>
    </ClCompile>
    <ClCompile Include="SF_PlayScene.cpp">
      <Filter>Scene</Filter>
    </ClCompile>
    <ClCompile Include="SF_VillageScene.cpp">
      <Filter>Scene</Filter>
    </ClCompile>
    <ClCompile Include="SF_DungeonScene.cpp">
      <Filter>Scene</Filter>
    </ClCompile>
    <ClCompile Include="SF_CrossroadScene.cpp">
      <Filter>Scene</Filter>
    </ClCompile>
    <ClCompile Include="SF_TitleScene.cpp">
      <Filter>Scene</Filter>
    </ClCompile>
    <ClCompile Include="SF_BackGround.cpp">
      <Filter>SceneObject</Filter>
    </ClCompile>
    <ClCompile Include="SF_Player.cpp">
      <Filter>SceneObject</Filter>
    </ClCompile>
    <ClCompile Include="SF_TextObject.cpp">
      <Filter>SceneObject</Filter>
    </ClCompile>
    <ClCompile Include="SF_LoadingScene.cpp">
      <Filter>Scene</Filter>
    </ClCompile>
    <ClCompile Include="SF_VideoScene.cpp">
      <Filter>Scene</Filter>
    </ClCompile>
    <ClCompile Include="SF_Monster.cpp">
      <Filter>SceneObject</Filter>
    </ClCompile>
  </ItemGroup>
  <ItemGroup>
    <Filter Include="Scene">
      <UniqueIdentifier>{fa70e621-0516-4946-9516-9b4409b05ef3}</UniqueIdentifier>
    </Filter>
    <Filter Include="LoadManagement">
      <UniqueIdentifier>{f2e89f94-84c2-4e6a-873d-b5ab95317865}</UniqueIdentifier>
    </Filter>
    <Filter Include="SceneObject">
      <UniqueIdentifier>{aa298621-87b6-420f-b64f-cfc8b253f4e2}</UniqueIdentifier>
    </Filter>
  </ItemGroup>
</Project>